
Microsoft Visual Studio Solution File, Format Version 12.00
# Visual Studio Version 16
VisualStudioVersion = 25.0.1704.4
MinimumVisualStudioVersion = 10.0.40219.1
Project("{FAE04EC0-301F-11D3-BF4B-00C04F79EFBC}") = "beautytech.Android", "beautytech\beautytech.Android\beautytech.Android.csproj", "{06134816-302A-4A83-AECC-2C3922F8EE25}"
EndProject
Project("{FAE04EC0-301F-11D3-BF4B-00C04F79EFBC}") = "beautytech.iOS", "beautytech\beautytech.iOS\beautytech.iOS.csproj", "{86B097DF-5B77-4692-9E57-21B4E7E654AF}"
EndProject
Project("{FAE04EC0-301F-11D3-BF4B-00C04F79EFBC}") = "beautytech", "beautytech\beautytech\beautytech.csproj", "{2E33C152-CC20-4A29-9AE7-8AC41AD1A569}"
EndProject
Global
	GlobalSection(SolutionConfigurationPlatforms) = preSolution
		Debug|Any CPU = Debug|Any CPU
		Release|Any CPU = Release|Any CPU
		Debug|iPhoneSimulator = Debug|iPhoneSimulator
		Release|iPhoneSimulator = Release|iPhoneSimulator
		Debug|iPhone = Debug|iPhone
		Release|iPhone = Release|iPhone
	EndGlobalSection
	GlobalSection(ProjectConfigurationPlatforms) = postSolution
		{06134816-302A-4A83-AECC-2C3922F8EE25}.Debug|Any CPU.ActiveCfg = Debug|Any CPU
		{06134816-302A-4A83-AECC-2C3922F8EE25}.Debug|Any CPU.Build.0 = Debug|Any CPU
		{06134816-302A-4A83-AECC-2C3922F8EE25}.Release|Any CPU.ActiveCfg = Release|Any CPU
		{06134816-302A-4A83-AECC-2C3922F8EE25}.Release|Any CPU.Build.0 = Release|Any CPU
		{06134816-302A-4A83-AECC-2C3922F8EE25}.Debug|iPhoneSimulator.ActiveCfg = Debug|Any CPU
		{06134816-302A-4A83-AECC-2C3922F8EE25}.Debug|iPhoneSimulator.Build.0 = Debug|Any CPU
		{06134816-302A-4A83-AECC-2C3922F8EE25}.Release|iPhoneSimulator.ActiveCfg = Release|Any CPU
		{06134816-302A-4A83-AECC-2C3922F8EE25}.Release|iPhoneSimulator.Build.0 = Release|Any CPU
		{06134816-302A-4A83-AECC-2C3922F8EE25}.Debug|iPhone.ActiveCfg = Debug|Any CPU
		{06134816-302A-4A83-AECC-2C3922F8EE25}.Debug|iPhone.Build.0 = Debug|Any CPU
		{06134816-302A-4A83-AECC-2C3922F8EE25}.Release|iPhone.ActiveCfg = Release|Any CPU
		{06134816-302A-4A83-AECC-2C3922F8EE25}.Release|iPhone.Build.0 = Release|Any CPU
		{86B097DF-5B77-4692-9E57-21B4E7E654AF}.Debug|Any CPU.ActiveCfg = Debug|iPhoneSimulator
		{86B097DF-5B77-4692-9E57-21B4E7E654AF}.Debug|Any CPU.Build.0 = Debug|iPhoneSimulator
		{86B097DF-5B77-4692-9E57-21B4E7E654AF}.Release|Any CPU.ActiveCfg = Release|iPhoneSimulator
		{86B097DF-5B77-4692-9E57-21B4E7E654AF}.Release|Any CPU.Build.0 = Release|iPhoneSimulator
		{86B097DF-5B77-4692-9E57-21B4E7E654AF}.Debug|iPhoneSimulator.ActiveCfg = Debug|iPhoneSimulator
		{86B097DF-5B77-4692-9E57-21B4E7E654AF}.Debug|iPhoneSimulator.Build.0 = Debug|iPhoneSimulator
		{86B097DF-5B77-4692-9E57-21B4E7E654AF}.Release|iPhoneSimulator.ActiveCfg = Release|iPhoneSimulator
		{86B097DF-5B77-4692-9E57-21B4E7E654AF}.Release|iPhoneSimulator.Build.0 = Release|iPhoneSimulator
		{86B097DF-5B77-4692-9E57-21B4E7E654AF}.Debug|iPhone.ActiveCfg = Debug|iPhone
		{86B097DF-5B77-4692-9E57-21B4E7E654AF}.Debug|iPhone.Build.0 = Debug|iPhone
		{86B097DF-5B77-4692-9E57-21B4E7E654AF}.Release|iPhone.ActiveCfg = Release|iPhone
		{86B097DF-5B77-4692-9E57-21B4E7E654AF}.Release|iPhone.Build.0 = Release|iPhone
		{2E33C152-CC20-4A29-9AE7-8AC41AD1A569}.Debug|Any CPU.ActiveCfg = Debug|Any CPU
		{2E33C152-CC20-4A29-9AE7-8AC41AD1A569}.Debug|Any CPU.Build.0 = Debug|Any CPU
		{2E33C152-CC20-4A29-9AE7-8AC41AD1A569}.Release|Any CPU.ActiveCfg = Release|Any CPU
		{2E33C152-CC20-4A29-9AE7-8AC41AD1A569}.Release|Any CPU.Build.0 = Release|Any CPU
		{2E33C152-CC20-4A29-9AE7-8AC41AD1A569}.Debug|iPhoneSimulator.ActiveCfg = Debug|Any CPU
		{2E33C152-CC20-4A29-9AE7-8AC41AD1A569}.Debug|iPhoneSimulator.Build.0 = Debug|Any CPU
		{2E33C152-CC20-4A29-9AE7-8AC41AD1A569}.Release|iPhoneSimulator.ActiveCfg = Release|Any CPU
		{2E33C152-CC20-4A29-9AE7-8AC41AD1A569}.Release|iPhoneSimulator.Build.0 = Release|Any CPU
		{2E33C152-CC20-4A29-9AE7-8AC41AD1A569}.Debug|iPhone.ActiveCfg = Debug|Any CPU
		{2E33C152-CC20-4A29-9AE7-8AC41AD1A569}.Debug|iPhone.Build.0 = Debug|Any CPU
		{2E33C152-CC20-4A29-9AE7-8AC41AD1A569}.Release|iPhone.ActiveCfg = Release|Any CPU
		{2E33C152-CC20-4A29-9AE7-8AC41AD1A569}.Release|iPhone.Build.0 = Release|Any CPU
	EndGlobalSection
	GlobalSection(SolutionProperties) = preSolution
		HideSolutionNode = FALSE
	EndGlobalSection
	GlobalSection(ExtensibilityGlobals) = postSolution
		SolutionGuid = {7954C53A-A849-42E9-8F35-C30786593200}
	EndGlobalSection
EndGlobal
